
Microsoft Visual Studio Solution File, Format Version 12.00
# Visual Studio Version 16
VisualStudioVersion = 16.0.32428.217
MinimumVisualStudioVersion = 10.0.40219.1
Project("{FAE04EC0-301F-11D3-BF4B-00C04F79EFBC}") = "homework17.05.2022", "homework17.05.2022\homework17.05.2022.csproj", "{867AAAD9-07AE-4C04-9318-70EA9ABAB6C3}"
EndProject
Global
	GlobalSection(SolutionConfigurationPlatforms) = preSolution
		Debug|Any CPU = Debug|Any CPU
		Release|Any CPU = Release|Any CPU
	EndGlobalSection
	GlobalSection(ProjectConfigurationPlatforms) = postSolution
		{867AAAD9-07AE-4C04-9318-70EA9ABAB6C3}.Debug|Any CPU.ActiveCfg = Debug|Any CPU
		{867AAAD9-07AE-4C04-9318-70EA9ABAB6C3}.Debug|Any CPU.Build.0 = Debug|Any CPU
		{867AAAD9-07AE-4C04-9318-70EA9ABAB6C3}.Release|Any CPU.ActiveCfg = Release|Any CPU
		{867AAAD9-07AE-4C04-9318-70EA9ABAB6C3}.Release|Any CPU.Build.0 = Release|Any CPU
	EndGlobalSection
	GlobalSection(SolutionProperties) = preSolution
		HideSolutionNode = FALSE
	EndGlobalSection
	GlobalSection(ExtensibilityGlobals) = postSolution
		SolutionGuid = {06E73EF4-7DBE-44C6-A2C7-AD376EC9A410}
	EndGlobalSection
EndGlobal
